{
  "name": "flow",
  "version": "0.1.0",
  "lockfileVersion": 1,
  "requires": true,
  "dependencies": {
    "dynamodb-data-types": {
      "version": "3.0.0",
      "resolved": "https://registry.npmjs.org/dynamodb-data-types/-/dynamodb-data-types-3.0.0.tgz",
      "integrity": "sha1-Ldo/8qiEYuBdJzi+WJAuIx2TYQM="
    },
    "uuid": {
      "version": "3.1.0",
      "resolved": "https://registry.npmjs.org/uuid/-/uuid-3.1.0.tgz",
      "integrity": "sha512-DIWtzUkw04M4k3bf1IcpS2tngXEL26YUD2M0tMDUpnUrz2hgzUBlD55a4FjdLGPvfHxS6uluGWvaVEqgBcVa+g=="
    }
  }
}
